
Microsoft Visual Studio Solution File, Format Version 12.00
# Visual Studio Version 17
VisualStudioVersion = 17.5.33627.172
MinimumVisualStudioVersion = 10.0.40219.1
Project("{2150E333-8FDC-42A3-9474-1A3956D46DE8}") = "Src", "Src", "{F3EAAACC-5911-4FFA-9ED0-80AE2BD190FC}"
EndProject
Project("{2150E333-8FDC-42A3-9474-1A3956D46DE8}") = "Apı", "Apı", "{23022E87-D982-4540-B338-E0B8CA6B6E96}"
EndProject
Project("{FAE04EC0-301F-11D3-BF4B-00C04F79EFBC}") = "MecusPro.Domain", "Src\Apı\MecusPro.Domain\MecusPro.Domain.csproj", "{D8ECEF5A-5212-4962-A368-A5A08A96904A}"
EndProject
Project("{FAE04EC0-301F-11D3-BF4B-00C04F79EFBC}") = "MecusPro.Application", "Src\Apı\MecusPro.Application\MecusPro.Application.csproj", "{078EFDAA-14A7-49E8-B3A5-817CCBF59E16}"
EndProject
Project("{FAE04EC0-301F-11D3-BF4B-00C04F79EFBC}") = "MecusPro.Persistence", "Src\Apı\MecusPro.Persistence\MecusPro.Persistence.csproj", "{27A99A1A-204A-40E5-80B0-F00107620F08}"
EndProject
Project("{FAE04EC0-301F-11D3-BF4B-00C04F79EFBC}") = "MecusPro.Infrastructure", "Src\Apı\MecusPro.Infrastructure\MecusPro.Infrastructure.csproj", "{BEA0BC35-B201-4964-AE7A-1B3120E3C552}"
EndProject
Project("{FAE04EC0-301F-11D3-BF4B-00C04F79EFBC}") = "MecusPro.API", "Src\Apı\MecusPro.API\MecusPro.API.csproj", "{4BBF2804-CC63-48A8-85CB-0B4F19D9D524}"
EndProject
Project("{2150E333-8FDC-42A3-9474-1A3956D46DE8}") = "CMS", "CMS", "{BD0BD1DA-1E38-4772-9B92-2F7E43AC1755}"
EndProject
Project("{FAE04EC0-301F-11D3-BF4B-00C04F79EFBC}") = "MecusPro.CMS", "Src\CMS\MecusPro.CMS\MecusPro.CMS.csproj", "{29B8E049-2FB2-47A4-AACB-5AFD28DCCAD9}"
EndProject
Project("{2150E333-8FDC-42A3-9474-1A3956D46DE8}") = "Identity", "Identity", "{28E533AF-4CEB-42AC-AECA-10A566C3ECF2}"
EndProject
Project("{FAE04EC0-301F-11D3-BF4B-00C04F79EFBC}") = "MecusPro.Identity", "Src\Identity\MecusPro.Identity\MecusPro.Identity.csproj", "{ABAB2002-809E-48E5-B97F-982ACF3BFCF2}"
EndProject
Global
	GlobalSection(SolutionConfigurationPlatforms) = preSolution
		Debug|Any CPU = Debug|Any CPU
		Release|Any CPU = Release|Any CPU
	EndGlobalSection
	GlobalSection(ProjectConfigurationPlatforms) = postSolution
		{D8ECEF5A-5212-4962-A368-A5A08A96904A}.Debug|Any CPU.ActiveCfg = Debug|Any CPU
		{D8ECEF5A-5212-4962-A368-A5A08A96904A}.Debug|Any CPU.Build.0 = Debug|Any CPU
		{D8ECEF5A-5212-4962-A368-A5A08A96904A}.Release|Any CPU.ActiveCfg = Release|Any CPU
		{D8ECEF5A-5212-4962-A368-A5A08A96904A}.Release|Any CPU.Build.0 = Release|Any CPU
		{078EFDAA-14A7-49E8-B3A5-817CCBF59E16}.Debug|Any CPU.ActiveCfg = Debug|Any CPU
		{078EFDAA-14A7-49E8-B3A5-817CCBF59E16}.Debug|Any CPU.Build.0 = Debug|Any CPU
		{078EFDAA-14A7-49E8-B3A5-817CCBF59E16}.Release|Any CPU.ActiveCfg = Release|Any CPU
		{078EFDAA-14A7-49E8-B3A5-817CCBF59E16}.Release|Any CPU.Build.0 = Release|Any CPU
		{27A99A1A-204A-40E5-80B0-F00107620F08}.Debug|Any CPU.ActiveCfg = Debug|Any CPU
		{27A99A1A-204A-40E5-80B0-F00107620F08}.Debug|Any CPU.Build.0 = Debug|Any CPU
		{27A99A1A-204A-40E5-80B0-F00107620F08}.Release|Any CPU.ActiveCfg = Release|Any CPU
		{27A99A1A-204A-40E5-80B0-F00107620F08}.Release|Any CPU.Build.0 = Release|Any CPU
		{BEA0BC35-B201-4964-AE7A-1B3120E3C552}.Debug|Any CPU.ActiveCfg = Debug|Any CPU
		{BEA0BC35-B201-4964-AE7A-1B3120E3C552}.Debug|Any CPU.Build.0 = Debug|Any CPU
		{BEA0BC35-B201-4964-AE7A-1B3120E3C552}.Release|Any CPU.ActiveCfg = Release|Any CPU
		{BEA0BC35-B201-4964-AE7A-1B3120E3C552}.Release|Any CPU.Build.0 = Release|Any CPU
		{4BBF2804-CC63-48A8-85CB-0B4F19D9D524}.Debug|Any CPU.ActiveCfg = Debug|Any CPU
		{4BBF2804-CC63-48A8-85CB-0B4F19D9D524}.Debug|Any CPU.Build.0 = Debug|Any CPU
		{4BBF2804-CC63-48A8-85CB-0B4F19D9D524}.Release|Any CPU.ActiveCfg = Release|Any CPU
		{4BBF2804-CC63-48A8-85CB-0B4F19D9D524}.Release|Any CPU.Build.0 = Release|Any CPU
		{29B8E049-2FB2-47A4-AACB-5AFD28DCCAD9}.Debug|Any CPU.ActiveCfg = Debug|Any CPU
		{29B8E049-2FB2-47A4-AACB-5AFD28DCCAD9}.Debug|Any CPU.Build.0 = Debug|Any CPU
		{29B8E049-2FB2-47A4-AACB-5AFD28DCCAD9}.Release|Any CPU.ActiveCfg = Release|Any CPU
		{29B8E049-2FB2-47A4-AACB-5AFD28DCCAD9}.Release|Any CPU.Build.0 = Release|Any CPU
		{ABAB2002-809E-48E5-B97F-982ACF3BFCF2}.Debug|Any CPU.ActiveCfg = Debug|Any CPU
		{ABAB2002-809E-48E5-B97F-982ACF3BFCF2}.Debug|Any CPU.Build.0 = Debug|Any CPU
		{ABAB2002-809E-48E5-B97F-982ACF3BFCF2}.Release|Any CPU.ActiveCfg = Release|Any CPU
		{ABAB2002-809E-48E5-B97F-982ACF3BFCF2}.Release|Any CPU.Build.0 = Release|Any CPU
	EndGlobalSection
	GlobalSection(SolutionProperties) = preSolution
		HideSolutionNode = FALSE
	EndGlobalSection
	GlobalSection(NestedProjects) = preSolution
		{23022E87-D982-4540-B338-E0B8CA6B6E96} = {F3EAAACC-5911-4FFA-9ED0-80AE2BD190FC}
		{D8ECEF5A-5212-4962-A368-A5A08A96904A} = {23022E87-D982-4540-B338-E0B8CA6B6E96}
		{078EFDAA-14A7-49E8-B3A5-817CCBF59E16} = {23022E87-D982-4540-B338-E0B8CA6B6E96}
		{27A99A1A-204A-40E5-80B0-F00107620F08} = {23022E87-D982-4540-B338-E0B8CA6B6E96}
		{BEA0BC35-B201-4964-AE7A-1B3120E3C552} = {23022E87-D982-4540-B338-E0B8CA6B6E96}
		{4BBF2804-CC63-48A8-85CB-0B4F19D9D524} = {23022E87-D982-4540-B338-E0B8CA6B6E96}
		{BD0BD1DA-1E38-4772-9B92-2F7E43AC1755} = {F3EAAACC-5911-4FFA-9ED0-80AE2BD190FC}
		{29B8E049-2FB2-47A4-AACB-5AFD28DCCAD9} = {BD0BD1DA-1E38-4772-9B92-2F7E43AC1755}
		{28E533AF-4CEB-42AC-AECA-10A566C3ECF2} = {F3EAAACC-5911-4FFA-9ED0-80AE2BD190FC}
		{ABAB2002-809E-48E5-B97F-982ACF3BFCF2} = {28E533AF-4CEB-42AC-AECA-10A566C3ECF2}
	EndGlobalSection
	GlobalSection(ExtensibilityGlobals) = postSolution
		SolutionGuid = {3DA7ABFA-5C8B-41FE-82D6-0BD1EE1CB713}
	EndGlobalSection
EndGlobal
